
Microsoft Visual Studio Solution File, Format Version 12.00
# Visual Studio 2013
VisualStudioVersion = 12.0.40629.0
MinimumVisualStudioVersion = 10.0.40219.1
Project("{00D1A9C2-B5F0-4AF3-8072-F6C62B433612}") = "SqlLibrary", "SqlLibrary\SqlLibrary.sqlproj", "{A1FA39E0-F584-4A9F-8A85-7DF572EA4043}"
EndProject
Project("{00D1A9C2-B5F0-4AF3-8072-F6C62B433612}") = "RecursiveAggregrateOfSpatial", "RecursiveAggregrateOfSpatial\RecursiveAggregrateOfSpatial.sqlproj", "{9BAB488F-A999-4071-9022-599A144F4FC2}"
EndProject
Global
	GlobalSection(SolutionConfigurationPlatforms) = preSolution
		Debug|Any CPU = Debug|Any CPU
		Release|Any CPU = Release|Any CPU
	EndGlobalSection
	GlobalSection(ProjectConfigurationPlatforms) = postSolution
		{A1FA39E0-F584-4A9F-8A85-7DF572EA4043}.Debug|Any CPU.ActiveCfg = Debug|Any CPU
		{A1FA39E0-F584-4A9F-8A85-7DF572EA4043}.Debug|Any CPU.Build.0 = Debug|Any CPU
		{A1FA39E0-F584-4A9F-8A85-7DF572EA4043}.Debug|Any CPU.Deploy.0 = Debug|Any CPU
		{A1FA39E0-F584-4A9F-8A85-7DF572EA4043}.Release|Any CPU.ActiveCfg = Release|Any CPU
		{A1FA39E0-F584-4A9F-8A85-7DF572EA4043}.Release|Any CPU.Build.0 = Release|Any CPU
		{A1FA39E0-F584-4A9F-8A85-7DF572EA4043}.Release|Any CPU.Deploy.0 = Release|Any CPU
		{9BAB488F-A999-4071-9022-599A144F4FC2}.Debug|Any CPU.ActiveCfg = Debug|Any CPU
		{9BAB488F-A999-4071-9022-599A144F4FC2}.Debug|Any CPU.Build.0 = Debug|Any CPU
		{9BAB488F-A999-4071-9022-599A144F4FC2}.Debug|Any CPU.Deploy.0 = Debug|Any CPU
		{9BAB488F-A999-4071-9022-599A144F4FC2}.Release|Any CPU.ActiveCfg = Release|Any CPU
		{9BAB488F-A999-4071-9022-599A144F4FC2}.Release|Any CPU.Build.0 = Release|Any CPU
		{9BAB488F-A999-4071-9022-599A144F4FC2}.Release|Any CPU.Deploy.0 = Release|Any CPU
	EndGlobalSection
	GlobalSection(SolutionProperties) = preSolution
		HideSolutionNode = FALSE
	EndGlobalSection
EndGlobal
